// !$*UTF8*$!
{
	archiveVersion = 1;
	classes = {
	};
	objectVersion = 46;
	objects = {

/* Begin PBXBuildFile section */
		A9DD48F319CF032100897074 /* AppDelegate.swift in Sources */ = {isa = PBXBuildFile; fileRef = A9DD48F219CF032100897074 /* AppDelegate.swift */; };
		A9DD48F519CF032100897074 /* ViewController.swift in Sources */ = {isa = PBXBuildFile; fileRef = A9DD48F419CF032100897074 /* ViewController.swift */; };
		A9DD48F819CF032100897074 /* Main.storyboard in Resources */ = {isa = PBXBuildFile; fileRef = A9DD48F619CF032100897074 /* Main.storyboard */; };
		A9DD48FA19CF032100897074 /* Images.xcassets in Resources */ = {isa = PBXBuildFile; fileRef = A9DD48F919CF032100897074 /* Images.xcassets */; };
		A9DD48FD19CF032100897074 /* LaunchScreen.xib in Resources */ = {isa = PBXBuildFile; fileRef = A9DD48FB19CF032100897074 /* LaunchScreen.xib */; };
		A9DD490919CF032100897074 /* controlflowTests.swift in Sources */ = {isa = PBXBuildFile; fileRef = A9DD490819CF032100897074 /* controlflowTests.swift */; };
/* End PBXBuildFile section */

/* Begin PBXContainerItemProxy section */
		A9DD490319CF032100897074 /* PBXContainerItemProxy */ = {
			isa = PBXContainerItemProxy;
			containerPortal = A9DD48E519CF032100897074 /* Project object */;
			proxyType = 1;
			remoteGlobalIDString = A9DD48EC19CF032100897074;
			remoteInfo = controlflow;
		};
/* End PBXContainerItemProxy section */

/* Begin PBXFileReference section */
		A9DD48ED19CF032100897074 /* controlflow.app */ = {isa = PBXFileReference; explicitFileType = wrapper.application; includeInIndex = 0; path = controlflow.app; sourceTree = BUILT_PRODUCTS_DIR; };
		A9DD48F119CF032100897074 /* Info.plist */ = {isa = PBXFileReference; lastKnownFileType = text.plist.xml; path = Info.plist; sourceTree = "<group>"; };
		A9DD48F219CF032100897074 /* AppDelegate.swift */ = {isa = PBXFileReference; lastKnownFileType = sourcecode.swift; path = AppDelegate.swift; sourceTree = "<group>"; };
		A9DD48F419CF032100897074 /* ViewController.swift */ = {isa = PBXFileReference; lastKnownFileType = sourcecode.swift; path = ViewController.swift; sourceTree = "<group>"; };
		A9DD48F719CF032100897074 /* Base */ = {isa = PBXFileReference; lastKnownFileType = file.storyboard; name = Base; path = Base.lproj/Main.storyboard; sourceTree = "<group>"; };
		A9DD48F919CF032100897074 /* Images.xcassets */ = {isa = PBXFileReference; lastKnownFileType = folder.assetcatalog; path = Images.xcassets; sourceTree = "<group>"; };
		A9DD48FC19CF032100897074 /* Base */ = {isa = PBXFileReference; lastKnownFileType = file.xib; name = Base; path = Base.lproj/LaunchScreen.xib; sourceTree = "<group>"; };
		A9DD490219CF032100897074 /* controlflowTests.xctest */ = {isa = PBXFileReference; explicitFileType = wrapper.cfbundle; includeInIndex = 0; path = controlflowTests.xctest; sourceTree = BUILT_PRODUCTS_DIR; };
		A9DD490719CF032100897074 /* Info.plist */ = {isa = PBXFileReference; lastKnownFileType = text.plist.xml; path = Info.plist; sourceTree = "<group>"; };
		A9DD490819CF032100897074 /* controlflowTests.swift */ = {isa = PBXFileReference; lastKnownFileType = sourcecode.swift; path = controlflowTests.swift; sourceTree = "<group>"; };
/* End PBXFileReference section */

/* Begin PBXFrameworksBuildPhase section */
		A9DD48EA19CF032100897074 /* Frameworks */ = {
			isa = PBXFrameworksBuildPhase;
			buildActionMask = 2147483647;
			files = (
			);
			runOnlyForDeploymentPostprocessing = 0;
		};
		A9DD48FF19CF032100897074 /* Frameworks */ = {
			isa = PBXFrameworksBuildPhase;
			buildActionMask = 2147483647;
			files = (
			);
			runOnlyForDeploymentPostprocessing = 0;
		};
/* End PBXFrameworksBuildPhase section */

/* Begin PBXGroup section */
		A9DD48E419CF032100897074 = {
			isa = PBXGroup;
			children = (
				A9DD48EF19CF032100897074 /* controlflow */,
				A9DD490519CF032100897074 /* controlflowTests */,
				A9DD48EE19CF032100897074 /* Products */,
			);
			sourceTree = "<group>";
		};
		A9DD48EE19CF032100897074 /* Products */ = {
			isa = PBXGroup;
			children = (
				A9DD48ED19CF032100897074 /* controlflow.app */,
				A9DD490219CF032100897074 /* controlflowTests.xctest */,
			);
			name = Products;
			sourceTree = "<group>";
		};
		A9DD48EF19CF032100897074 /* controlflow */ = {
			isa = PBXGroup;
			children = (
				A9DD48F219CF032100897074 /* AppDelegate.swift */,
				A9DD48F419CF032100897074 /* ViewController.swift */,
				A9DD48F619CF032100897074 /* Main.storyboard */,
				A9DD48F919CF032100897074 /* Images.xcassets */,
				A9DD48FB19CF032100897074 /* LaunchScreen.xib */,
				A9DD48F019CF032100897074 /* Supporting Files */,
			);
			path = controlflow;
			sourceTree = "<group>";
		};
		A9DD48F019CF032100897074 /* Supporting Files */ = {
			isa = PBXGroup;
			children = (
				A9DD48F119CF032100897074 /* Info.plist */,
			);
			name = "Supporting Files";
			sourceTree = "<group>";
		};
		A9DD490519CF032100897074 /* controlflowTests */ = {
			isa = PBXGroup;
			children = (
				A9DD490819CF032100897074 /* controlflowTests.swift */,
				A9DD490619CF032100897074 /* Supporting Files */,
			);
			path = controlflowTests;
			sourceTree = "<group>";
		};
		A9DD490619CF032100897074 /* Supporting Files */ = {
			isa = PBXGroup;
			children = (
				A9DD490719CF032100897074 /* Info.plist */,
			);
			name = "Supporting Files";
			sourceTree = "<group>";
		};
/* End PBXGroup section */

/* Begin PBXNativeTarget section */
		A9DD48EC19CF032100897074 /* controlflow */ = {
			isa = PBXNativeTarget;
			buildConfigurationList = A9DD490C19CF032100897074 /* Build configuration list for PBXNativeTarget "controlflow" */;
			buildPhases = (
				A9DD48E919CF032100897074 /* Sources */,
				A9DD48EA19CF032100897074 /* Frameworks */,
				A9DD48EB19CF032100897074 /* Resources */,
			);
			buildRules = (
			);
			dependencies = (
			);
			name = controlflow;
			productName = controlflow;
			productReference = A9DD48ED19CF032100897074 /* controlflow.app */;
			productType = "com.apple.product-type.application";
		};
		A9DD490119CF032100897074 /* controlflowTests */ = {
			isa = PBXNativeTarget;
			buildConfigurationList = A9DD490F19CF032100897074 /* Build configuration list for PBXNativeTarget "controlflowTests" */;
			buildPhases = (
				A9DD48FE19CF032100897074 /* Sources */,
				A9DD48FF19CF032100897074 /* Frameworks */,
				A9DD490019CF032100897074 /* Resources */,
			);
			buildRules = (
			);
			dependencies = (
				A9DD490419CF032100897074 /* PBXTargetDependency */,
			);
			name = controlflowTests;
			productName = controlflowTests;
			productReference = A9DD490219CF032100897074 /* controlflowTests.xctest */;
			productType = "com.apple.product-type.bundle.unit-test";
		};
/* End PBXNativeTarget section */

/* Begin PBXProject section */
		A9DD48E519CF032100897074 /* Project object */ = {
			isa = PBXProject;
			attributes = {
				LastUpgradeCheck = 0600;
				ORGANIZATIONNAME = Alphaweb;
				TargetAttributes = {
					A9DD48EC19CF032100897074 = {
						CreatedOnToolsVersion = 6.1;
					};
					A9DD490119CF032100897074 = {
						CreatedOnToolsVersion = 6.1;
						TestTargetID = A9DD48EC19CF032100897074;
					};
				};
			};
			buildConfigurationList = A9DD48E819CF032100897074 /* Build configuration list for PBXProject "controlflow" */;
			compatibilityVersion = "Xcode 3.2";
			developmentRegion = English;
			hasScannedForEncodings = 0;
			knownRegions = (
				en,
				Base,
			);
			mainGroup = A9DD48E419CF032100897074;
			productRefGroup = A9DD48EE19CF032100897074 /* Products */;
			projectDirPath = "";
			projectRoot = "";
			targets = (
				A9DD48EC19CF032100897074 /* controlflow */,
				A9DD490119CF032100897074 /* controlflowTests */,
			);
		};
/* End PBXProject section */

/* Begin PBXResourcesBuildPhase section */
		A9DD48EB19CF032100897074 /* Resources */ = {
			isa = PBXResourcesBuildPhase;
			buildActionMask = 2147483647;
			files = (
				A9DD48F819CF032100897074 /* Main.storyboard in Resources */,
				A9DD48FD19CF032100897074 /* LaunchScreen.xib in Resources */,
				A9DD48FA19CF032100897074 /* Images.xcassets in Resources */,
			);
			runOnlyForDeploymentPostprocessing = 0;
		};
		A9DD490019CF032100897074 /* Resources */ = {
			isa = PBXResourcesBuildPhase;
			buildActionMask = 2147483647;
			files = (
			);
			runOnlyForDeploymentPostprocessing = 0;
		};
/* End PBXResourcesBuildPhase section */

/* Begin PBXSourcesBuildPhase section */
		A9DD48E919CF032100897074 /* Sources */ = {
			isa = PBXSourcesBuildPhase;
			buildActionMask = 2147483647;
			files = (
				A9DD48F519CF032100897074 /* ViewController.swift in Sources */,
				A9DD48F319CF032100897074 /* AppDelegate.swift in Sources */,
			);
			runOnlyForDeploymentPostprocessing = 0;
		};
		A9DD48FE19CF032100897074 /* Sources */ = {
			isa = PBXSourcesBuildPhase;
			buildActionMask = 2147483647;
			files = (
				A9DD490919CF032100897074 /* controlflowTests.swift in Sources */,
			);
			runOnlyForDeploymentPostprocessing = 0;
		};
/* End PBXSourcesBuildPhase section */

/* Begin PBXTargetDependency section */
		A9DD490419CF032100897074 /* PBXTargetDependency */ = {
			isa = PBXTargetDependency;
			target = A9DD48EC19CF032100897074 /* controlflow */;
			targetProxy = A9DD490319CF032100897074 /* PBXContainerItemProxy */;
		};
/* End PBXTargetDependency section */

/* Begin PBXVariantGroup section */
		A9DD48F619CF032100897074 /* Main.storyboard */ = {
			isa = PBXVariantGroup;
			children = (
				A9DD48F719CF032100897074 /* Base */,
			);
			name = Main.storyboard;
			sourceTree = "<group>";
		};
		A9DD48FB19CF032100897074 /* LaunchScreen.xib */ = {
			isa = PBXVariantGroup;
			children = (
				A9DD48FC19CF032100897074 /* Base */,
			);
			name = LaunchScreen.xib;
			sourceTree = "<group>";
		};
/* End PBXVariantGroup section */

/* Begin XCBuildConfiguration section */
		A9DD490A19CF032100897074 /* Debug */ = {
			isa = XCBuildConfiguration;
			buildSettings = {
				ALWAYS_SEARCH_USER_PATHS = NO;
				CLANG_CXX_LANGUAGE_STANDARD = "gnu++0x";
				CLANG_CXX_LIBRARY = "libc++";
				CLANG_ENABLE_MODULES = YES;
				CLANG_ENABLE_OBJC_ARC = YES;
				CLANG_WARN_BOOL_CONVERSION = YES;
				CLANG_WARN_CONSTANT_CONVERSION = YES;
				CLANG_WARN_DIRECT_OBJC_ISA_USAGE = YES_ERROR;
				CLANG_WARN_EMPTY_BODY = YES;
				CLANG_WARN_ENUM_CONVERSION = YES;
				CLANG_WARN_INT_CONVERSION = YES;
				CLANG_WARN_OBJC_ROOT_CLASS = YES_ERROR;
				CLANG_WARN_UNREACHABLE_CODE = YES;
				CLANG_WARN__DUPLICATE_METHOD_MATCH = YES;
				"CODE_SIGN_IDENTITY[sdk=iphoneos*]" = "iPhone Developer";
				COPY_PHASE_STRIP = NO;
				ENABLE_STRICT_OBJC_MSGSEND = YES;
				GCC_C_LANGUAGE_STANDARD = gnu99;
				GCC_DYNAMIC_NO_PIC = NO;
				GCC_OPTIMIZATION_LEVEL = 0;
				GCC_PREPROCESSOR_DEFINITIONS = (
					"DEBUG=1",
					"$(inherited)",
				);
				GCC_SYMBOLS_PRIVATE_EXTERN = NO;
				GCC_WARN_64_TO_32_BIT_CONVERSION = YES;
				GCC_WARN_ABOUT_RETURN_TYPE = YES_ERROR;
				GCC_WARN_UNDECLARED_SELECTOR = YES;
				GCC_WARN_UNINITIALIZED_AUTOS = YES_AGGRESSIVE;
				GCC_WARN_UNUSED_FUNCTION = YES;
				GCC_WARN_UNUSED_VARIABLE = YES;
				IPHONEOS_DEPLOYMENT_TARGET = 8.0;
				MTL_ENABLE_DEBUG_INFO = YES;
				ONLY_ACTIVE_ARCH = YES;
				SDKROOT = iphoneos;
				SWIFT_OPTIMIZATION_LEVEL = "-Onone";
			};
			name = Debug;
		};
		A9DD490B19CF032100897074 /* Release */ = {
			isa = XCBuildConfiguration;
			buildSettings = {
				ALWAYS_SEARCH_USER_PATHS = NO;
				CLANG_CXX_LANGUAGE_STANDARD = "gnu++0x";
				CLANG_CXX_LIBRARY = "libc++";
				CLANG_ENABLE_MODULES = YES;
				CLANG_ENABLE_OBJC_ARC = YES;
				CLANG_WARN_BOOL_CONVERSION = YES;
				CLANG_WARN_CONSTANT_CONVERSION = YES;
				CLANG_WARN_DIRECT_OBJC_ISA_USAGE = YES_ERROR;
				CLANG_WARN_EMPTY_BODY = YES;
				CLANG_WARN_ENUM_CONVERSION = YES;
				CLANG_WARN_INT_CONVERSION = YES;
				CLANG_WARN_OBJC_ROOT_CLASS = YES_ERROR;
				CLANG_WARN_UNREACHABLE_CODE = YES;
				CLANG_WARN__DUPLICATE_METHOD_MATCH = YES;
				"CODE_SIGN_IDENTITY[sdk=iphoneos*]" = "iPhone Developer";
				COPY_PHASE_STRIP = YES;
				ENABLE_NS_ASSERTIONS = NO;
				ENABLE_STRICT_OBJC_MSGSEND = YES;
				GCC_C_LANGUAGE_STANDARD = gnu99;
				GCC_WARN_64_TO_32_BIT_CONVERSION = YES;
				GCC_WARN_ABOUT_RETURN_TYPE = YES_ERROR;
				GCC_WARN_UNDECLARED_SELECTOR = YES;
				GCC_WARN_UNINITIALIZED_AUTOS = YES_AGGRESSIVE;
				GCC_WARN_UNUSED_FUNCTION = YES;
				GCC_WARN_UNUSED_VARIABLE = YES;
				IPHONEOS_DEPLOYMENT_TARGET = 8.0;
				MTL_ENABLE_DEBUG_INFO = NO;
				SDKROOT = iphoneos;
				VALIDATE_PRODUCT = YES;
			};
			name = Release;
		};
		A9DD490D19CF032100897074 /* Debug */ = {
			isa = XCBuildConfiguration;
			buildSettings = {
				ASSETCATALOG_COMPILER_APPICON_NAME = AppIcon;
				INFOPLIST_FILE = controlflow/Info.plist;
				LD_RUNPATH_SEARCH_PATHS = "$(inherited) @executable_path/Frameworks";
				PRODUCT_NAME = "$(TARGET_NAME)";
			};
			name = Debug;
		};
		A9DD490E19CF032100897074 /* Release */ = {
			isa = XCBuildConfiguration;
			buildSettings = {
				ASSETCATALOG_COMPILER_APPICON_NAME = AppIcon;
				INFOPLIST_FILE = controlflow/Info.plist;
				LD_RUNPATH_SEARCH_PATHS = "$(inherited) @executable_path/Frameworks";
				PRODUCT_NAME = "$(TARGET_NAME)";
			};
			name = Release;
		};
		A9DD491019CF032100897074 /* Debug */ = {
			isa = XCBuildConfiguration;
			buildSettings = {
				BUNDLE_LOADER = "$(TEST_HOST)";
				FRAMEWORK_SEARCH_PATHS = (
					"$(SDKROOT)/Developer/Library/Frameworks",
					"$(inherited)",
				);
				GCC_PREPROCESSOR_DEFINITIONS = (
					"DEBUG=1",
					"$(inherited)",
				);
				INFOPLIST_FILE = controlflowTests/Info.plist;
				LD_RUNPATH_SEARCH_PATHS = "$(inherited) @executable_path/Frameworks @loader_path/Frameworks";
				PRODUCT_NAME = "$(TARGET_NAME)";
				TEST_HOST = "$(BUILT_PRODUCTS_DIR)/controlflow.app/controlflow";
			};
			name = Debug;
		};
		A9DD491119CF032100897074 /* Release */ = {
			isa = XCBuildConfiguration;
			buildSettings = {
				BUNDLE_LOADER = "$(TEST_HOST)";
				FRAMEWORK_SEARCH_PATHS = (
					"$(SDKROOT)/Developer/Library/Frameworks",
					"$(inherited)",
				);
				INFOPLIST_FILE = controlflowTests/Info.plist;
				LD_RUNPATH_SEARCH_PATHS = "$(inherited) @executable_path/Frameworks @loader_path/Frameworks";
				PRODUCT_NAME = "$(TARGET_NAME)";
				TEST_HOST = "$(BUILT_PRODUCTS_DIR)/controlflow.app/controlflow";
			};
			name = Release;
		};
/* End XCBuildConfiguration section */

/* Begin XCConfigurationList section */
		A9DD48E819CF032100897074 /* Build configuration list for PBXProject "controlflow" */ = {
			isa = XCConfigurationList;
			buildConfigurations = (
				A9DD490A19CF032100897074 /* Debug */,
				A9DD490B19CF032100897074 /* Release */,
			);
			defaultConfigurationIsVisible = 0;
			defaultConfigurationName = Release;
		};
		A9DD490C19CF032100897074 /* Build configuration list for PBXNativeTarget "controlflow" */ = {
			isa = XCConfigurationList;
			buildConfigurations = (
				A9DD490D19CF032100897074 /* Debug */,
				A9DD490E19CF032100897074 /* Release */,
			);
			defaultConfigurationIsVisible = 0;
		};
		A9DD490F19CF032100897074 /* Build configuration list for PBXNativeTarget "controlflowTests" */ = {
			isa = XCConfigurationList;
			buildConfigurations = (
				A9DD491019CF032100897074 /* Debug */,
				A9DD491119CF032100897074 /* Release */,
			);
			defaultConfigurationIsVisible = 0;
		};
/* End XCConfigurationList section */
	};
	rootObject = A9DD48E519CF032100897074 /* Project object */;
}
